
Microsoft Visual Studio Solution File, Format Version 12.00
# Visual Studio Version 16
VisualStudioVersion = 16.0.30804.86
MinimumVisualStudioVersion = 10.0.40219.1
Project("{FAE04EC0-301F-11D3-BF4B-00C04F79EFBC}") = "WebGiay", "WebGiay\WebGiay.csproj", "{644F44A4-1396-4F93-BC62-4B4A0F00E4AE}"
EndProject
Project("{FAE04EC0-301F-11D3-BF4B-00C04F79EFBC}") = "MyClass", "MyClass\MyClass.csproj", "{B259B9FC-E4C4-4A07-8CD5-971A65FD0081}"
EndProject
Global
	GlobalSection(SolutionConfigurationPlatforms) = preSolution
		Debug|Any CPU = Debug|Any CPU
		Release|Any CPU = Release|Any CPU
	EndGlobalSection
	GlobalSection(ProjectConfigurationPlatforms) = postSolution
		{644F44A4-1396-4F93-BC62-4B4A0F00E4AE}.Debug|Any CPU.ActiveCfg = Debug|Any CPU
		{644F44A4-1396-4F93-BC62-4B4A0F00E4AE}.Debug|Any CPU.Build.0 = Debug|Any CPU
		{644F44A4-1396-4F93-BC62-4B4A0F00E4AE}.Release|Any CPU.ActiveCfg = Release|Any CPU
		{644F44A4-1396-4F93-BC62-4B4A0F00E4AE}.Release|Any CPU.Build.0 = Release|Any CPU
		{B259B9FC-E4C4-4A07-8CD5-971A65FD0081}.Debug|Any CPU.ActiveCfg = Debug|Any CPU
		{B259B9FC-E4C4-4A07-8CD5-971A65FD0081}.Debug|Any CPU.Build.0 = Debug|Any CPU
		{B259B9FC-E4C4-4A07-8CD5-971A65FD0081}.Release|Any CPU.ActiveCfg = Release|Any CPU
		{B259B9FC-E4C4-4A07-8CD5-971A65FD0081}.Release|Any CPU.Build.0 = Release|Any CPU
	EndGlobalSection
	GlobalSection(SolutionProperties) = preSolution
		HideSolutionNode = FALSE
	EndGlobalSection
	GlobalSection(ExtensibilityGlobals) = postSolution
		SolutionGuid = {43744A08-D6CA-4E54-8462-C5336349F717}
	EndGlobalSection
EndGlobal
